
Microsoft Visual Studio Solution File, Format Version 12.00
# Visual Studio 14
VisualStudioVersion = 14.0.25420.1
MinimumVisualStudioVersion = 10.0.40219.1
Project("{FAE04EC0-301F-11D3-BF4B-00C04F79EFBC}") = "CongVan", "CongVan\CongVan.csproj", "{93076467-FBC9-46CA-BAFF-4CEDFDA14888}"
EndProject
Project("{FAE04EC0-301F-11D3-BF4B-00C04F79EFBC}") = "Kid.Utils", "..\KIDAP\Kid.Utils\Kid.Utils.csproj", "{C5BA80F6-424E-4FED-84A5-1123C88F4DF1}"
EndProject
Project("{FAE04EC0-301F-11D3-BF4B-00C04F79EFBC}") = "Kid.Providers", "..\KIDAP\Kid.Providers\Kid.Providers.csproj", "{BE501D45-62D9-4EEC-9FE4-18899FF124DC}"
EndProject
Project("{FAE04EC0-301F-11D3-BF4B-00C04F79EFBC}") = "Kids.Entities", "..\KIDAP\Kids.Entities\Kids.Entities.csproj", "{2C26C953-DB90-4209-B7DC-94AB4033666C}"
EndProject
Project("{FAE04EC0-301F-11D3-BF4B-00C04F79EFBC}") = "Kids.Repositories", "..\KIDAP\Kids.Repositories\Kids.Repositories.csproj", "{741791AA-5036-45A7-8DA4-F2E671F45737}"
EndProject
Project("{FAE04EC0-301F-11D3-BF4B-00C04F79EFBC}") = "Kids.MircosoftEntityFrameWork", "..\KIDAP\MircosoftEntityFrameWork\Kids.MircosoftEntityFrameWork.csproj", "{3FFE22AD-89E3-4292-B386-B0DAB3967EF6}"
EndProject
Project("{FAE04EC0-301F-11D3-BF4B-00C04F79EFBC}") = "MSSQLProvider", "..\KIDAP\SQLServerProvider\MSSQLProvider.csproj", "{8ED9DB4C-C9C1-470D-A22F-0F8B95CF0AFB}"
EndProject
Project("{FAE04EC0-301F-11D3-BF4B-00C04F79EFBC}") = "Kids", "..\KIDAP\Kids\Kids.csproj", "{452776D5-23D1-4203-A33B-AA941BD8A48E}"
EndProject
Global
	GlobalSection(SolutionConfigurationPlatforms) = preSolution
		Debug|Any CPU = Debug|Any CPU
		Release|Any CPU = Release|Any CPU
	EndGlobalSection
	GlobalSection(ProjectConfigurationPlatforms) = postSolution
		{93076467-FBC9-46CA-BAFF-4CEDFDA14888}.Debug|Any CPU.ActiveCfg = Debug|Any CPU
		{93076467-FBC9-46CA-BAFF-4CEDFDA14888}.Debug|Any CPU.Build.0 = Debug|Any CPU
		{93076467-FBC9-46CA-BAFF-4CEDFDA14888}.Release|Any CPU.ActiveCfg = Release|Any CPU
		{93076467-FBC9-46CA-BAFF-4CEDFDA14888}.Release|Any CPU.Build.0 = Release|Any CPU
		{C5BA80F6-424E-4FED-84A5-1123C88F4DF1}.Debug|Any CPU.ActiveCfg = Debug|Any CPU
		{C5BA80F6-424E-4FED-84A5-1123C88F4DF1}.Debug|Any CPU.Build.0 = Debug|Any CPU
		{C5BA80F6-424E-4FED-84A5-1123C88F4DF1}.Release|Any CPU.ActiveCfg = Release|Any CPU
		{C5BA80F6-424E-4FED-84A5-1123C88F4DF1}.Release|Any CPU.Build.0 = Release|Any CPU
		{BE501D45-62D9-4EEC-9FE4-18899FF124DC}.Debug|Any CPU.ActiveCfg = Debug|Any CPU
		{BE501D45-62D9-4EEC-9FE4-18899FF124DC}.Debug|Any CPU.Build.0 = Debug|Any CPU
		{BE501D45-62D9-4EEC-9FE4-18899FF124DC}.Release|Any CPU.ActiveCfg = Release|Any CPU
		{BE501D45-62D9-4EEC-9FE4-18899FF124DC}.Release|Any CPU.Build.0 = Release|Any CPU
		{2C26C953-DB90-4209-B7DC-94AB4033666C}.Debug|Any CPU.ActiveCfg = Debug|Any CPU
		{2C26C953-DB90-4209-B7DC-94AB4033666C}.Debug|Any CPU.Build.0 = Debug|Any CPU
		{2C26C953-DB90-4209-B7DC-94AB4033666C}.Release|Any CPU.ActiveCfg = Release|Any CPU
		{2C26C953-DB90-4209-B7DC-94AB4033666C}.Release|Any CPU.Build.0 = Release|Any CPU
		{741791AA-5036-45A7-8DA4-F2E671F45737}.Debug|Any CPU.ActiveCfg = Debug|Any CPU
		{741791AA-5036-45A7-8DA4-F2E671F45737}.Debug|Any CPU.Build.0 = Debug|Any CPU
		{741791AA-5036-45A7-8DA4-F2E671F45737}.Release|Any CPU.ActiveCfg = Release|Any CPU
		{741791AA-5036-45A7-8DA4-F2E671F45737}.Release|Any CPU.Build.0 = Release|Any CPU
		{3FFE22AD-89E3-4292-B386-B0DAB3967EF6}.Debug|Any CPU.ActiveCfg = Debug|Any CPU
		{3FFE22AD-89E3-4292-B386-B0DAB3967EF6}.Debug|Any CPU.Build.0 = Debug|Any CPU
		{3FFE22AD-89E3-4292-B386-B0DAB3967EF6}.Release|Any CPU.ActiveCfg = Release|Any CPU
		{3FFE22AD-89E3-4292-B386-B0DAB3967EF6}.Release|Any CPU.Build.0 = Release|Any CPU
		{8ED9DB4C-C9C1-470D-A22F-0F8B95CF0AFB}.Debug|Any CPU.ActiveCfg = Debug|Any CPU
		{8ED9DB4C-C9C1-470D-A22F-0F8B95CF0AFB}.Debug|Any CPU.Build.0 = Debug|Any CPU
		{8ED9DB4C-C9C1-470D-A22F-0F8B95CF0AFB}.Release|Any CPU.ActiveCfg = Release|Any CPU
		{8ED9DB4C-C9C1-470D-A22F-0F8B95CF0AFB}.Release|Any CPU.Build.0 = Release|Any CPU
		{452776D5-23D1-4203-A33B-AA941BD8A48E}.Debug|Any CPU.ActiveCfg = Debug|Any CPU
		{452776D5-23D1-4203-A33B-AA941BD8A48E}.Debug|Any CPU.Build.0 = Debug|Any CPU
		{452776D5-23D1-4203-A33B-AA941BD8A48E}.Release|Any CPU.ActiveCfg = Release|Any CPU
		{452776D5-23D1-4203-A33B-AA941BD8A48E}.Release|Any CPU.Build.0 = Release|Any CPU
	EndGlobalSection
	GlobalSection(SolutionProperties) = preSolution
		HideSolutionNode = FALSE
	EndGlobalSection
EndGlobal
